
Microsoft Visual Studio Solution File, Format Version 12.00
# Visual Studio Version 16
VisualStudioVersion = 16.0.30002.166
MinimumVisualStudioVersion = 10.0.40219.1
Project("{FAE04EC0-301F-11D3-BF4B-00C04F79EFBC}") = "BakeryApp", "BakeryApp.csproj", "{81BF9BC7-C104-4061-8698-ED0CAE47B812}"
EndProject
Global
	GlobalSection(SolutionConfigurationPlatforms) = preSolution
		Debug|Any CPU = Debug|Any CPU
		Release|Any CPU = Release|Any CPU
	EndGlobalSection
	GlobalSection(ProjectConfigurationPlatforms) = postSolution
		{81BF9BC7-C104-4061-8698-ED0CAE47B812}.Debug|Any CPU.ActiveCfg = Debug|Any CPU
		{81BF9BC7-C104-4061-8698-ED0CAE47B812}.Debug|Any CPU.Build.0 = Debug|Any CPU
		{81BF9BC7-C104-4061-8698-ED0CAE47B812}.Release|Any CPU.ActiveCfg = Release|Any CPU
		{81BF9BC7-C104-4061-8698-ED0CAE47B812}.Release|Any CPU.Build.0 = Release|Any CPU
	EndGlobalSection
	GlobalSection(SolutionProperties) = preSolution
		HideSolutionNode = FALSE
	EndGlobalSection
	GlobalSection(ExtensibilityGlobals) = postSolution
		SolutionGuid = {2B0666FC-5095-45E1-AC59-43B9583087F3}
	EndGlobalSection
EndGlobal
